# THIS IS AN AUTOGENERATED FILE. DO NOT EDIT THIS FILE DIRECTLY.
# yarn lockfile v1


"@neondatabase/serverless@^1.1.0":
  version "1.1.0"
  resolved "https://registry.yarnpkg.com/@neondatabase/serverless/-/serverless-1.1.0.tgz#35046d1125932153dd306bd3d7c269306914e005"
  integrity sha512-r3ZZhRjEcfEdKIZnoB1RusNgvHuaBRqfCzV4Gi+5A9yUX0S4HTws/ASWqt13wL4y4I+0rqsWGdA2w7EQXHi3+Q==
